{
  "name": "hanxiaoting",
  "lockfileVersion": 2,
  "requires": true,
  "packages": {
    "": {
      "dependencies": {
        "@vant/weapp": "^1.10.23",
        "tdesign-miniprogram": "^1.2.9"
      }
    },
    "node_modules/@vant/weapp": {
      "version": "1.10.23",
      "resolved": "https://registry.npmmirror.com/@vant/weapp/-/weapp-1.10.23.tgz",
      "integrity": "sha512-Lqlc0oT89AxR8e4uLmP59xkI1KkWSTWKWV9kXM17CJz55eL0fPMo5jd0d132KpcfRmiwIOVr7TwK8u8v6XIhlg=="
    },
    "node_modules/dayjs": {
      "version": "1.11.10",
      "resolved": "https://registry.npmjs.org/dayjs/-/dayjs-1.11.10.tgz",
      "integrity": "sha512-vjAczensTgRcqDERK0SR2XMwsF/tSvnvlv6VcF2GIhg6Sx4yOIt/irsr1RDJsKiIyBzJDpCoXiWWq28MqH2cnQ=="
    },
    "node_modules/tdesign-miniprogram": {
      "version": "1.2.9",
      "resolved": "https://registry.npmjs.org/tdesign-miniprogram/-/tdesign-miniprogram-1.2.9.tgz",
      "integrity": "sha512-jpUrb5EyN+ZWhiwrZ3V6i9y9Q6yw1D1SoB7cICADgU7JKiJ6Kc/XwoZbQuhQXY0WMv3MWotOYuQ9TxL+jeWcIg==",
      "dependencies": {
        "dayjs": "^1.10.7"
      }
    }
  },
  "dependencies": {
    "@vant/weapp": {
      "version": "1.10.23",
      "resolved": "https://registry.npmmirror.com/@vant/weapp/-/weapp-1.10.23.tgz",
      "integrity": "sha512-Lqlc0oT89AxR8e4uLmP59xkI1KkWSTWKWV9kXM17CJz55eL0fPMo5jd0d132KpcfRmiwIOVr7TwK8u8v6XIhlg=="
    },
    "dayjs": {
      "version": "1.11.10",
      "resolved": "https://registry.npmjs.org/dayjs/-/dayjs-1.11.10.tgz",
      "integrity": "sha512-vjAczensTgRcqDERK0SR2XMwsF/tSvnvlv6VcF2GIhg6Sx4yOIt/irsr1RDJsKiIyBzJDpCoXiWWq28MqH2cnQ=="
    },
    "tdesign-miniprogram": {
      "version": "1.2.9",
      "resolved": "https://registry.npmjs.org/tdesign-miniprogram/-/tdesign-miniprogram-1.2.9.tgz",
      "integrity": "sha512-jpUrb5EyN+ZWhiwrZ3V6i9y9Q6yw1D1SoB7cICADgU7JKiJ6Kc/XwoZbQuhQXY0WMv3MWotOYuQ9TxL+jeWcIg==",
      "requires": {
        "dayjs": "^1.10.7"
      }
    }
  }
}
